// !$*UTF8*$!
{
	archiveVersion = 1;
	classes = {
	};
	objectVersion = 50;
	objects = {

/* Begin PBXBuildFile section */
		01DEA846238FF43B009FE17B /* AppDelegate.swift in Sources */ = {isa = PBXBuildFile; fileRef = 01DEA845238FF43B009FE17B /* AppDelegate.swift */; };
		01DEA848238FF43B009FE17B /* SceneDelegate.swift in Sources */ = {isa = PBXBuildFile; fileRef = 01DEA847238FF43B009FE17B /* SceneDelegate.swift */; };
		01DEA84A238FF43B009FE17B /* ContentView.swift in Sources */ = {isa = PBXBuildFile; fileRef = 01DEA849238FF43B009FE17B /* ContentView.swift */; };
		01DEA84C238FF43E009FE17B /* Assets.xcassets in Resources */ = {isa = PBXBuildFile; fileRef = 01DEA84B238FF43E009FE17B /* Assets.xcassets */; };
		01DEA84F238FF43E009FE17B /* Preview Assets.xcassets in Resources */ = {isa = PBXBuildFile; fileRef = 01DEA84E238FF43E009FE17B /* Preview Assets.xcassets */; };
		01DEA852238FF43E009FE17B /* LaunchScreen.storyboard in Resources */ = {isa = PBXBuildFile; fileRef = 01DEA850238FF43E009FE17B /* LaunchScreen.storyboard */; };
		01DEA85B238FF67F009FE17B /* Quiz10Model.swift in Sources */ = {isa = PBXBuildFile; fileRef = 01DEA85A238FF67F009FE17B /* Quiz10Model.swift */; };
		01DEA85D238FF6FA009FE17B /* ImageStore.swift in Sources */ = {isa = PBXBuildFile; fileRef = 01DEA85C238FF6FA009FE17B /* ImageStore.swift */; };
		01DEA87F239585D1009FE17B /* QuizRow.swift in Sources */ = {isa = PBXBuildFile; fileRef = 01DEA87E239585D1009FE17B /* QuizRow.swift */; };
		01DEA8812395990F009FE17B /* QuizDetail.swift in Sources */ = {isa = PBXBuildFile; fileRef = 01DEA8802395990F009FE17B /* QuizDetail.swift */; };
/* End PBXBuildFile section */

/* Begin PBXFileReference section */
		01DEA842238FF43B009FE17B /* practica 5 clase.app */ = {isa = PBXFileReference; explicitFileType = wrapper.application; includeInIndex = 0; path = "practica 5 clase.app"; sourceTree = BUILT_PRODUCTS_DIR; };
		01DEA845238FF43B009FE17B /* AppDelegate.swift */ = {isa = PBXFileReference; lastKnownFileType = sourcecode.swift; path = AppDelegate.swift; sourceTree = "<group>"; };
		01DEA847238FF43B009FE17B /* SceneDelegate.swift */ = {isa = PBXFileReference; lastKnownFileType = sourcecode.swift; path = SceneDelegate.swift; sourceTree = "<group>"; };
		01DEA849238FF43B009FE17B /* ContentView.swift */ = {isa = PBXFileReference; lastKnownFileType = sourcecode.swift; path = ContentView.swift; sourceTree = "<group>"; };
		01DEA84B238FF43E009FE17B /* Assets.xcassets */ = {isa = PBXFileReference; lastKnownFileType = folder.assetcatalog; path = Assets.xcassets; sourceTree = "<group>"; };
		01DEA84E238FF43E009FE17B /* Preview Assets.xcassets */ = {isa = PBXFileReference; lastKnownFileType = folder.assetcatalog; path = "Preview Assets.xcassets"; sourceTree = "<group>"; };
		01DEA851238FF43E009FE17B /* Base */ = {isa = PBXFileReference; lastKnownFileType = file.storyboard; name = Base; path = Base.lproj/LaunchScreen.storyboard; sourceTree = "<group>"; };
		01DEA853238FF43E009FE17B /* Info.plist */ = {isa = PBXFileReference; lastKnownFileType = text.plist.xml; path = Info.plist; sourceTree = "<group>"; };
		01DEA85A238FF67F009FE17B /* Quiz10Model.swift */ = {isa = PBXFileReference; lastKnownFileType = sourcecode.swift; path = Quiz10Model.swift; sourceTree = "<group>"; };
		01DEA85C238FF6FA009FE17B /* ImageStore.swift */ = {isa = PBXFileReference; lastKnownFileType = sourcecode.swift; path = ImageStore.swift; sourceTree = "<group>"; };
		01DEA87E239585D1009FE17B /* QuizRow.swift */ = {isa = PBXFileReference; lastKnownFileType = sourcecode.swift; path = QuizRow.swift; sourceTree = "<group>"; };
		01DEA8802395990F009FE17B /* QuizDetail.swift */ = {isa = PBXFileReference; lastKnownFileType = sourcecode.swift; path = QuizDetail.swift; sourceTree = "<group>"; };
/* End PBXFileReference section */

/* Begin PBXFrameworksBuildPhase section */
		01DEA83F238FF43B009FE17B /* Frameworks */ = {
			isa = PBXFrameworksBuildPhase;
			buildActionMask = 2147483647;
			files = (
			);
			runOnlyForDeploymentPostprocessing = 0;
		};
/* End PBXFrameworksBuildPhase section */

/* Begin PBXGroup section */
		01DEA839238FF43A009FE17B = {
			isa = PBXGroup;
			children = (
				01DEA844238FF43B009FE17B /* practica 5 clase */,
				01DEA843238FF43B009FE17B /* Products */,
			);
			sourceTree = "<group>";
		};
		01DEA843238FF43B009FE17B /* Products */ = {
			isa = PBXGroup;
			children = (
				01DEA842238FF43B009FE17B /* practica 5 clase.app */,
			);
			name = Products;
			sourceTree = "<group>";
		};
		01DEA844238FF43B009FE17B /* practica 5 clase */ = {
			isa = PBXGroup;
			children = (
				01DEA859238FF652009FE17B /* Model */,
				01DEA845238FF43B009FE17B /* AppDelegate.swift */,
				01DEA847238FF43B009FE17B /* SceneDelegate.swift */,
				01DEA849238FF43B009FE17B /* ContentView.swift */,
				01DEA84B238FF43E009FE17B /* Assets.xcassets */,
				01DEA850238FF43E009FE17B /* LaunchScreen.storyboard */,
				01DEA853238FF43E009FE17B /* Info.plist */,
				01DEA84D238FF43E009FE17B /* Preview Content */,
				01DEA87E239585D1009FE17B /* QuizRow.swift */,
				01DEA8802395990F009FE17B /* QuizDetail.swift */,
			);
			path = "practica 5 clase";
			sourceTree = "<group>";
		};
		01DEA84D238FF43E009FE17B /* Preview Content */ = {
			isa = PBXGroup;
			children = (
				01DEA84E238FF43E009FE17B /* Preview Assets.xcassets */,
			);
			path = "Preview Content";
			sourceTree = "<group>";
		};
		01DEA859238FF652009FE17B /* Model */ = {
			isa = PBXGroup;
			children = (
				01DEA85A238FF67F009FE17B /* Quiz10Model.swift */,
				01DEA85C238FF6FA009FE17B /* ImageStore.swift */,
			);
			path = Model;
			sourceTree = "<group>";
		};
/* End PBXGroup section */

/* Begin PBXNativeTarget section */
		01DEA841238FF43B009FE17B /* practica 5 clase */ = {
			isa = PBXNativeTarget;
			buildConfigurationList = 01DEA856238FF43E009FE17B /* Build configuration list for PBXNativeTarget "practica 5 clase" */;
			buildPhases = (
				01DEA83E238FF43B009FE17B /* Sources */,
				01DEA83F238FF43B009FE17B /* Frameworks */,
				01DEA840238FF43B009FE17B /* Resources */,
			);
			buildRules = (
			);
			dependencies = (
			);
			name = "practica 5 clase";
			productName = "practica 5 clase";
			productReference = 01DEA842238FF43B009FE17B /* practica 5 clase.app */;
			productType = "com.apple.product-type.application";
		};
/* End PBXNativeTarget section */

/* Begin PBXProject section */
		01DEA83A238FF43A009FE17B /* Project object */ = {
			isa = PBXProject;
			attributes = {
				LastSwiftUpdateCheck = 1120;
				LastUpgradeCheck = 1120;
				ORGANIZATIONNAME = UPM;
				TargetAttributes = {
					01DEA841238FF43B009FE17B = {
						CreatedOnToolsVersion = 11.2.1;
					};
				};
			};
			buildConfigurationList = 01DEA83D238FF43A009FE17B /* Build configuration list for PBXProject "practica 5 clase" */;
			compatibilityVersion = "Xcode 9.3";
			developmentRegion = en;
			hasScannedForEncodings = 0;
			knownRegions = (
				en,
				Base,
			);
			mainGroup = 01DEA839238FF43A009FE17B;
			productRefGroup = 01DEA843238FF43B009FE17B /* Products */;
			projectDirPath = "";
			projectRoot = "";
			targets = (
				01DEA841238FF43B009FE17B /* practica 5 clase */,
			);
		};
/* End PBXProject section */

/* Begin PBXResourcesBuildPhase section */
		01DEA840238FF43B009FE17B /* Resources */ = {
			isa = PBXResourcesBuildPhase;
			buildActionMask = 2147483647;
			files = (
				01DEA852238FF43E009FE17B /* LaunchScreen.storyboard in Resources */,
				01DEA84F238FF43E009FE17B /* Preview Assets.xcassets in Resources */,
				01DEA84C238FF43E009FE17B /* Assets.xcassets in Resources */,
			);
			runOnlyForDeploymentPostprocessing = 0;
		};
/* End PBXResourcesBuildPhase section */

/* Begin PBXSourcesBuildPhase section */
		01DEA83E238FF43B009FE17B /* Sources */ = {
			isa = PBXSourcesBuildPhase;
			buildActionMask = 2147483647;
			files = (
				01DEA8812395990F009FE17B /* QuizDetail.swift in Sources */,
				01DEA846238FF43B009FE17B /* AppDelegate.swift in Sources */,
				01DEA848238FF43B009FE17B /* SceneDelegate.swift in Sources */,
				01DEA84A238FF43B009FE17B /* ContentView.swift in Sources */,
				01DEA85D238FF6FA009FE17B /* ImageStore.swift in Sources */,
				01DEA85B238FF67F009FE17B /* Quiz10Model.swift in Sources */,
				01DEA87F239585D1009FE17B /* QuizRow.swift in Sources */,
			);
			runOnlyForDeploymentPostprocessing = 0;
		};
/* End PBXSourcesBuildPhase section */

/* Begin PBXVariantGroup section */
		01DEA850238FF43E009FE17B /* LaunchScreen.storyboard */ = {
			isa = PBXVariantGroup;
			children = (
				01DEA851238FF43E009FE17B /* Base */,
			);
			name = LaunchScreen.storyboard;
			sourceTree = "<group>";
		};
/* End PBXVariantGroup section */

/* Begin XCBuildConfiguration section */
		01DEA854238FF43E009FE17B /* Debug */ = {
			isa = XCBuildConfiguration;
			buildSettings = {
				ALWAYS_SEARCH_USER_PATHS = NO;
				CLANG_ANALYZER_NONNULL = YES;
				CLANG_ANALYZER_NUMBER_OBJECT_CONVERSION = YES_AGGRESSIVE;
				CLANG_CXX_LANGUAGE_STANDARD = "gnu++14";
				CLANG_CXX_LIBRARY = "libc++";
				CLANG_ENABLE_MODULES = YES;
				CLANG_ENABLE_OBJC_ARC = YES;
				CLANG_ENABLE_OBJC_WEAK = YES;
				CLANG_WARN_BLOCK_CAPTURE_AUTORELEASING = YES;
				CLANG_WARN_BOOL_CONVERSION = YES;
				CLANG_WARN_COMMA = YES;
				CLANG_WARN_CONSTANT_CONVERSION = YES;
				CLANG_WARN_DEPRECATED_OBJC_IMPLEMENTATIONS = YES;
				CLANG_WARN_DIRECT_OBJC_ISA_USAGE = YES_ERROR;
				CLANG_WARN_DOCUMENTATION_COMMENTS = YES;
				CLANG_WARN_EMPTY_BODY = YES;
				CLANG_WARN_ENUM_CONVERSION = YES;
				CLANG_WARN_INFINITE_RECURSION = YES;
				CLANG_WARN_INT_CONVERSION = YES;
				CLANG_WARN_NON_LITERAL_NULL_CONVERSION = YES;
				CLANG_WARN_OBJC_IMPLICIT_RETAIN_SELF = YES;
				CLANG_WARN_OBJC_LITERAL_CONVERSION = YES;
				CLANG_WARN_OBJC_ROOT_CLASS = YES_ERROR;
				CLANG_WARN_RANGE_LOOP_ANALYSIS = YES;
				CLANG_WARN_STRICT_PROTOTYPES = YES;
				CLANG_WARN_SUSPICIOUS_MOVE = YES;
				CLANG_WARN_UNGUARDED_AVAILABILITY = YES_AGGRESSIVE;
				CLANG_WARN_UNREACHABLE_CODE = YES;
				CLANG_WARN__DUPLICATE_METHOD_MATCH = YES;
				COPY_PHASE_STRIP = NO;
				DEBUG_INFORMATION_FORMAT = dwarf;
				ENABLE_STRICT_OBJC_MSGSEND = YES;
				ENABLE_TESTABILITY = YES;
				GCC_C_LANGUAGE_STANDARD = gnu11;
				GCC_DYNAMIC_NO_PIC = NO;
				GCC_NO_COMMON_BLOCKS = YES;
				GCC_OPTIMIZATION_LEVEL = 0;
				GCC_PREPROCESSOR_DEFINITIONS = (
					"DEBUG=1",
					"$(inherited)",
				);
				GCC_WARN_64_TO_32_BIT_CONVERSION = YES;
				GCC_WARN_ABOUT_RETURN_TYPE = YES_ERROR;
				GCC_WARN_UNDECLARED_SELECTOR = YES;
				GCC_WARN_UNINITIALIZED_AUTOS = YES_AGGRESSIVE;
				GCC_WARN_UNUSED_FUNCTION = YES;
				GCC_WARN_UNUSED_VARIABLE = YES;
				IPHONEOS_DEPLOYMENT_TARGET = 13.2;
				MTL_ENABLE_DEBUG_INFO = INCLUDE_SOURCE;
				MTL_FAST_MATH = YES;
				ONLY_ACTIVE_ARCH = YES;
				SDKROOT = iphoneos;
				SWIFT_ACTIVE_COMPILATION_CONDITIONS = DEBUG;
				SWIFT_OPTIMIZATION_LEVEL = "-Onone";
			};
			name = Debug;
		};
		01DEA855238FF43E009FE17B /* Release */ = {
			isa = XCBuildConfiguration;
			buildSettings = {
				ALWAYS_SEARCH_USER_PATHS = NO;
				CLANG_ANALYZER_NONNULL = YES;
				CLANG_ANALYZER_NUMBER_OBJECT_CONVERSION = YES_AGGRESSIVE;
				CLANG_CXX_LANGUAGE_STANDARD = "gnu++14";
				CLANG_CXX_LIBRARY = "libc++";
				CLANG_ENABLE_MODULES = YES;
				CLANG_ENABLE_OBJC_ARC = YES;
				CLANG_ENABLE_OBJC_WEAK = YES;
				CLANG_WARN_BLOCK_CAPTURE_AUTORELEASING = YES;
				CLANG_WARN_BOOL_CONVERSION = YES;
				CLANG_WARN_COMMA = YES;
				CLANG_WARN_CONSTANT_CONVERSION = YES;
				CLANG_WARN_DEPRECATED_OBJC_IMPLEMENTATIONS = YES;
				CLANG_WARN_DIRECT_OBJC_ISA_USAGE = YES_ERROR;
				CLANG_WARN_DOCUMENTATION_COMMENTS = YES;
				CLANG_WARN_EMPTY_BODY = YES;
				CLANG_WARN_ENUM_CONVERSION = YES;
				CLANG_WARN_INFINITE_RECURSION = YES;
				CLANG_WARN_INT_CONVERSION = YES;
				CLANG_WARN_NON_LITERAL_NULL_CONVERSION = YES;
				CLANG_WARN_OBJC_IMPLICIT_RETAIN_SELF = YES;
				CLANG_WARN_OBJC_LITERAL_CONVERSION = YES;
				CLANG_WARN_OBJC_ROOT_CLASS = YES_ERROR;
				CLANG_WARN_RANGE_LOOP_ANALYSIS = YES;
				CLANG_WARN_STRICT_PROTOTYPES = YES;
				CLANG_WARN_SUSPICIOUS_MOVE = YES;
				CLANG_WARN_UNGUARDED_AVAILABILITY = YES_AGGRESSIVE;
				CLANG_WARN_UNREACHABLE_CODE = YES;
				CLANG_WARN__DUPLICATE_METHOD_MATCH = YES;
				COPY_PHASE_STRIP = NO;
				DEBUG_INFORMATION_FORMAT = "dwarf-with-dsym";
				ENABLE_NS_ASSERTIONS = NO;
				ENABLE_STRICT_OBJC_MSGSEND = YES;
				GCC_C_LANGUAGE_STANDARD = gnu11;
				GCC_NO_COMMON_BLOCKS = YES;
				GCC_WARN_64_TO_32_BIT_CONVERSION = YES;
				GCC_WARN_ABOUT_RETURN_TYPE = YES_ERROR;
				GCC_WARN_UNDECLARED_SELECTOR = YES;
				GCC_WARN_UNINITIALIZED_AUTOS = YES_AGGRESSIVE;
				GCC_WARN_UNUSED_FUNCTION = YES;
				GCC_WARN_UNUSED_VARIABLE = YES;
				IPHONEOS_DEPLOYMENT_TARGET = 13.2;
				MTL_ENABLE_DEBUG_INFO = NO;
				MTL_FAST_MATH = YES;
				SDKROOT = iphoneos;
				SWIFT_COMPILATION_MODE = wholemodule;
				SWIFT_OPTIMIZATION_LEVEL = "-O";
				VALIDATE_PRODUCT = YES;
			};
			name = Release;
		};
		01DEA857238FF43E009FE17B /* Debug */ = {
			isa = XCBuildConfiguration;
			buildSettings = {
				ASSETCATALOG_COMPILER_APPICON_NAME = AppIcon;
				CODE_SIGN_STYLE = Automatic;
				DEVELOPMENT_ASSET_PATHS = "\"practica 5 clase/Preview Content\"";
				DEVELOPMENT_TEAM = KPM49AEN7S;
				ENABLE_PREVIEWS = YES;
				INFOPLIST_FILE = "practica 5 clase/Info.plist";
				LD_RUNPATH_SEARCH_PATHS = (
					"$(inherited)",
					"@executable_path/Frameworks",
				);
				PRODUCT_BUNDLE_IDENTIFIER = "es.upm.practica-5-clase";
				PRODUCT_NAME = "$(TARGET_NAME)";
				SWIFT_VERSION = 5.0;
				TARGETED_DEVICE_FAMILY = "1,2";
			};
			name = Debug;
		};
		01DEA858238FF43E009FE17B /* Release */ = {
			isa = XCBuildConfiguration;
			buildSettings = {
				ASSETCATALOG_COMPILER_APPICON_NAME = AppIcon;
				CODE_SIGN_STYLE = Automatic;
				DEVELOPMENT_ASSET_PATHS = "\"practica 5 clase/Preview Content\"";
				DEVELOPMENT_TEAM = KPM49AEN7S;
				ENABLE_PREVIEWS = YES;
				INFOPLIST_FILE = "practica 5 clase/Info.plist";
				LD_RUNPATH_SEARCH_PATHS = (
					"$(inherited)",
					"@executable_path/Frameworks",
				);
				PRODUCT_BUNDLE_IDENTIFIER = "es.upm.practica-5-clase";
				PRODUCT_NAME = "$(TARGET_NAME)";
				SWIFT_VERSION = 5.0;
				TARGETED_DEVICE_FAMILY = "1,2";
			};
			name = Release;
		};
/* End XCBuildConfiguration section */

/* Begin XCConfigurationList section */
		01DEA83D238FF43A009FE17B /* Build configuration list for PBXProject "practica 5 clase" */ = {
			isa = XCConfigurationList;
			buildConfigurations = (
				01DEA854238FF43E009FE17B /* Debug */,
				01DEA855238FF43E009FE17B /* Release */,
			);
			defaultConfigurationIsVisible = 0;
			defaultConfigurationName = Release;
		};
		01DEA856238FF43E009FE17B /* Build configuration list for PBXNativeTarget "practica 5 clase" */ = {
			isa = XCConfigurationList;
			buildConfigurations = (
				01DEA857238FF43E009FE17B /* Debug */,
				01DEA858238FF43E009FE17B /* Release */,
			);
			defaultConfigurationIsVisible = 0;
			defaultConfigurationName = Release;
		};
/* End XCConfigurationList section */
	};
	rootObject = 01DEA83A238FF43A009FE17B /* Project object */;
}
